LIQUIDBOUNCE_REPOSITORY=https://github.com/Kamiya1337/LiquidBounce-1.12.2.git
LIQUIDBOUNCE_COMMIT=23e11be9b078a931edc68078f4be62a1c48724a5
LIQUIDBOUNCE_LICENSE=GPL-3.0
MCEF_RELEASE=https://github.com/montoyo/mcef/releases/tag/1.12.2-1.11
MCEF_API_ASSET=mcef-1.12.2-1.11-api.jar
MCEF_VERSION=1.11
MCEF_API_SHA256=fdc0842c952884ae12fe179c00d66e8eacc938c08bd816a86ec347bca52e94ef
